{
  "name": "SwiftShare",
  "lockfileVersion": 3,
  "requires": true,
  "packages": {
    "": {
      "dependencies": {
        "@lottiefiles/dotlottie-web": "^0.41.0"
      }
    },
    "node_modules/@lottiefiles/dotlottie-web": {
      "version": "0.41.0",
      "resolved": "https://registry.npmjs.org/@lottiefiles/dotlottie-web/-/dotlottie-web-0.41.0.tgz",
      "integrity": "sha512-hJR3zN9DiQkNjEA0+OJbuPJPXZtbySrfYa61WD5qFc7dBPHGDUaSC6APvwM2FSrzPy0AU4nrOPfExEe6VNznkg=="
    }
  }
}
